<Solution>
  <Folder Name="/src/" />
  <Folder Name="/src/BuildingBlocks/">
    <Project Path="src/BuildingBlocks/Common/Common.csproj" />
    <Project Path="src/BuildingBlocks/Contracts/Contracts.csproj" />
    <Project Path="src/BuildingBlocks/Persistence/Persistence.csproj" />
  </Folder>
  <Folder Name="/src/BuildingBlocks/EventBus/">
    <Project Path="src/BuildingBlocks/EventBus/EventBus.Abstractions/EventBus.Abstractions.csproj" />
    <Project Path="src/BuildingBlocks/EventBus/EventBus.RabbitMQ/EventBus.RabbitMQ.csproj" />
  </Folder>
  <Folder Name="/src/Services/" />
  <Folder Name="/src/Services/BorrowingPowerService/">
    <Project Path="src/Services/BorrowingPowerService/BorrowingPowerService.Application/BorrowingPowerService.Application.csproj" Id="2f289c59-2a4e-478e-a387-2ee607adbdab" />
    <Project Path="src/Services/BorrowingPowerService/BorrowingPowerService.Domain/BorrowingPowerService.Domain.csproj" Id="dfa4a8de-cbed-4f74-8510-3c70a4a48ace" />
    <Project Path="src/Services/BorrowingPowerService/BorrowingPowerService.Infrastructure/BorrowingPowerService.Infrastructure.csproj" Id="e44d4b37-2772-4d2d-a70c-7da3b4312672" />
  </Folder>
  <Folder Name="/src/Services/CreditCheckService/">
    <Project Path="src/Services/CreditCheckService/CreditCheckService.Application/CreditCheckService.Application.csproj" />
    <Project Path="src/Services/CreditCheckService/CreditCheckService.DI/CreditCheckService.DI.csproj" Id="c07392ea-1a0a-4d7c-b809-2438ddfb3261" />
    <Project Path="src/Services/CreditCheckService/CreditCheckService.Domain/CreditCheckService.Domain.csproj" />
    <Project Path="src/Services/CreditCheckService/CreditCheckService.Infrastructure/CreditCheckService.Infrastructure.csproj" />
    <Project Path="src/Services/CreditCheckService/CreditCheckService.Worker/CreditCheckService.Worker.csproj" />
  </Folder>
</Solution>
