<Solution>
  <Folder Name="/src/" />
  <Folder Name="/src/BuildingBlocks/">
    <Project Path="src/BuildingBlocks/Common/Common.csproj" />
    <Project Path="src/BuildingBlocks/Contracts/Contracts.csproj" />
    <Project Path="src/BuildingBlocks/Persistence/Persistence.csproj" />
  </Folder>
  <Folder Name="/src/BuildingBlocks/EventBus/">
    <Project Path="src/BuildingBlocks/EventBus/EventBus.Abstractions/EventBus.Abstractions.csproj" />
    <Project Path="src/BuildingBlocks/EventBus/EventBus.RabbitMQ/EventBus.RabbitMQ.csproj" />
  </Folder>
  <Folder Name="/src/Services/" />
  <Folder Name="/src/Services/BorrowingPowerService/">
    <Project Path="src/Services/BorrowingPowerService/BorrowingPowerService.Application/BorrowingPowerService.Application.csproj" Id="2f289c59-2a4e-478e-a387-2ee607adbdab" />
    <Project Path="src/Services/BorrowingPowerService/BorrowingPowerService.DI/BorrowingPowerService.DI.csproj" Id="12862d42-33c8-4e31-9b3e-ad86320f35a7" />
    <Project Path="src/Services/BorrowingPowerService/BorrowingPowerService.Domain/BorrowingPowerService.Domain.csproj" Id="dfa4a8de-cbed-4f74-8510-3c70a4a48ace" />
    <Project Path="src/Services/BorrowingPowerService/BorrowingPowerService.Infrastructure/BorrowingPowerService.Infrastructure.csproj" Id="e44d4b37-2772-4d2d-a70c-7da3b4312672" />
    <Project Path="src/Services/BorrowingPowerService/BorrowingPowerService.Worker/BorrowingPowerService.Worker.csproj" Id="ee140ae1-9ffe-4e1b-b9bc-0e66f260aef2" />
  </Folder>
  <Folder Name="/src/Services/CreditCheckService/">
    <Project Path="src/Services/CreditCheckService/CreditCheckService.Application/CreditCheckService.Application.csproj" />
    <Project Path="src/Services/CreditCheckService/CreditCheckService.DI/CreditCheckService.DI.csproj" Id="c07392ea-1a0a-4d7c-b809-2438ddfb3261" />
    <Project Path="src/Services/CreditCheckService/CreditCheckService.Domain/CreditCheckService.Domain.csproj" />
    <Project Path="src/Services/CreditCheckService/CreditCheckService.Infrastructure/CreditCheckService.Infrastructure.csproj" />
    <Project Path="src/Services/CreditCheckService/CreditCheckService.Worker/CreditCheckService.Worker.csproj" />
  </Folder>
  <Folder Name="/src/Services/ReadModelService/">
    <Project Path="src/Services/ReadModelService/ReadModelService.API/ReadModelService.API.csproj" Id="c492be05-faac-42f5-9604-47896dd5c207" />
    <Project Path="src/Services/ReadModelService/ReadModelService.Application/ReadModelService.Application.csproj" Id="8aae2f95-37db-419b-922b-112470d0f05e" />
    <Project Path="src/Services/ReadModelService/ReadModelService.DI/ReadModelService.DI.csproj" Id="66ebfb95-7541-4cff-bf6b-b97216cb877e" />
    <Project Path="src/Services/ReadModelService/ReadModelService.Domain/ReadModelService.Domain.csproj" Id="c43d10af-bac4-482a-ac8e-d1e51386703a" />
    <Project Path="src/Services/ReadModelService/ReadModelService.Infrastructure/ReadModelService.Infrastructure.csproj" Id="144668db-7859-4aaf-91a6-7779aa26b0fc" />
    <Project Path="src/Services/ReadModelService/ReadModelService.Worker/ReadModelService.Worker.csproj" Id="b8b46f6d-19c3-444b-a2d1-6c578eb27ad7" />
  </Folder>
</Solution>
